dependencies:
- name: datahub-gms
  repository: file://./subcharts/datahub-gms
  version: 0.2.163
- name: datahub-frontend
  repository: file://./subcharts/datahub-frontend
  version: 0.2.155
- name: datahub-mae-consumer
  repository: file://./subcharts/datahub-mae-consumer
  version: 0.2.157
- name: datahub-mce-consumer
  repository: file://./subcharts/datahub-mce-consumer
  version: 0.2.159
- name: datahub-ingestion-cron
  repository: file://./subcharts/datahub-ingestion-cron
  version: 0.2.141
- name: acryl-datahub-actions
  repository: file://./subcharts/acryl-datahub-actions
  version: 0.2.144
digest: sha256:0a0423c21ad8f6f1781ed140c5617fd199188588f0f742d82943da2d0a86e70d
generated: "2024-01-11T17:20:02.007848606Z"
